
Microsoft Visual Studio Solution File, Format Version 12.00
# Visual Studio 15
VisualStudioVersion = 15.0.28307.852
MinimumVisualStudioVersion = 10.0.40219.1
Project("{FAE04EC0-301F-11D3-BF4B-00C04F79EFBC}") = "Umbraco.Headless.Client.Console", "Umbraco.Headless.Client.Console\Umbraco.Headless.Client.Console.csproj", "{36EF5541-9DA6-45F7-B301-65EA2BB8991E}"
EndProject
Global
	GlobalSection(SolutionConfigurationPlatforms) = preSolution
		Debug|Any CPU = Debug|Any CPU
		Release|Any CPU = Release|Any CPU
	EndGlobalSection
	GlobalSection(ProjectConfigurationPlatforms) = postSolution
		{36EF5541-9DA6-45F7-B301-65EA2BB8991E}.Debug|Any CPU.ActiveCfg = Debug|Any CPU
		{36EF5541-9DA6-45F7-B301-65EA2BB8991E}.Debug|Any CPU.Build.0 = Debug|Any CPU
		{36EF5541-9DA6-45F7-B301-65EA2BB8991E}.Release|Any CPU.ActiveCfg = Release|Any CPU
		{36EF5541-9DA6-45F7-B301-65EA2BB8991E}.Release|Any CPU.Build.0 = Release|Any CPU
	EndGlobalSection
	GlobalSection(SolutionProperties) = preSolution
		HideSolutionNode = FALSE
	EndGlobalSection
	GlobalSection(ExtensibilityGlobals) = postSolution
		SolutionGuid = {A7F6D385-93EC-4900-8007-1B74407F54F9}
	EndGlobalSection
EndGlobal
